
Microsoft Visual Studio Solution File, Format Version 12.00
# Visual Studio Version 16
VisualStudioVersion = 16.0.32126.315
MinimumVisualStudioVersion = 10.0.40219.1
Project("{FAE04EC0-301F-11D3-BF4B-00C04F79EFBC}") = "Feb25_delayu_zanovo_vse_taski", "Feb25_delayu_zanovo_vse_taski\Feb25_delayu_zanovo_vse_taski.csproj", "{B04E7BF9-78DB-4074-AA30-4B9A2141C1EC}"
EndProject
Global
	GlobalSection(SolutionConfigurationPlatforms) = preSolution
		Debug|Any CPU = Debug|Any CPU
		Release|Any CPU = Release|Any CPU
	EndGlobalSection
	GlobalSection(ProjectConfigurationPlatforms) = postSolution
		{B04E7BF9-78DB-4074-AA30-4B9A2141C1EC}.Debug|Any CPU.ActiveCfg = Debug|Any CPU
		{B04E7BF9-78DB-4074-AA30-4B9A2141C1EC}.Debug|Any CPU.Build.0 = Debug|Any CPU
		{B04E7BF9-78DB-4074-AA30-4B9A2141C1EC}.Release|Any CPU.ActiveCfg = Release|Any CPU
		{B04E7BF9-78DB-4074-AA30-4B9A2141C1EC}.Release|Any CPU.Build.0 = Release|Any CPU
	EndGlobalSection
	GlobalSection(SolutionProperties) = preSolution
		HideSolutionNode = FALSE
	EndGlobalSection
	GlobalSection(ExtensibilityGlobals) = postSolution
		SolutionGuid = {D56BA6AC-206B-455C-A2E0-F0855C700258}
	EndGlobalSection
EndGlobal
